
Microsoft Visual Studio Solution File, Format Version 12.00
# Visual Studio Version 16
VisualStudioVersion = 16.0.29920.165
MinimumVisualStudioVersion = 10.0.40219.1
Project("{FAE04EC0-301F-11D3-BF4B-00C04F79EFBC}") = "Tisot", "EX1\Tisot.csproj", "{A9CC6BC8-0BEC-4742-9897-AA3007776BAE}"
EndProject
Global
	GlobalSection(SolutionConfigurationPlatforms) = preSolution
		Debug|Any CPU = Debug|Any CPU
		Release|Any CPU = Release|Any CPU
	EndGlobalSection
	GlobalSection(ProjectConfigurationPlatforms) = postSolution
		{A9CC6BC8-0BEC-4742-9897-AA3007776BAE}.Debug|Any CPU.ActiveCfg = Debug|Any CPU
		{A9CC6BC8-0BEC-4742-9897-AA3007776BAE}.Debug|Any CPU.Build.0 = Debug|Any CPU
		{A9CC6BC8-0BEC-4742-9897-AA3007776BAE}.Release|Any CPU.ActiveCfg = Release|Any CPU
		{A9CC6BC8-0BEC-4742-9897-AA3007776BAE}.Release|Any CPU.Build.0 = Release|Any CPU
	EndGlobalSection
	GlobalSection(SolutionProperties) = preSolution
		HideSolutionNode = FALSE
	EndGlobalSection
	GlobalSection(ExtensibilityGlobals) = postSolution
		SolutionGuid = {07F24BA4-78CA-4AF2-A96D-BB1DB70C9B11}
	EndGlobalSection
EndGlobal
